
Microsoft Visual Studio Solution File, Format Version 12.00
# Visual Studio 15
VisualStudioVersion = 15.0.26730.16
MinimumVisualStudioVersion = 10.0.40219.1
Project("{9A19103F-16F7-4668-BE54-9A1E7A4F7556}") = "NLog.Web.AspNetCore.Targets.Gelf", "NLog.Web.AspNetCore.Targets.Gelf.csproj", "{20B2681B-73E0-48F7-BB5A-22B558BD4066}"
EndProject
Project("{9A19103F-16F7-4668-BE54-9A1E7A4F7556}") = "NLog.Web.AspNetCore.Targets.Gelf.Tests", "..\NLog.Web.AspNetCore.Targets.Gelf.Tests\NLog.Web.AspNetCore.Targets.Gelf.Tests.csproj", "{8AF5FCE7-D596-45D0-9BF5-B1B796BBA5CB}"
EndProject
Project("{9A19103F-16F7-4668-BE54-9A1E7A4F7556}") = "NLog.Web.AspNetCore.Targets.Gelf.Benchmark", "..\NLog.Web.AspNetCore.Targets.Gelf.Benchmark\NLog.Web.AspNetCore.Targets.Gelf.Benchmark.csproj", "{22DD867E-7839-4A5B-AF0F-E0C29018A47E}"
EndProject
Project("{2150E333-8FDC-42A3-9474-1A3956D46DE8}") = "Tests", "Tests", "{7E7B45A5-6605-416C-B1DD-A9DB9707C5F0}"
EndProject
Project("{2150E333-8FDC-42A3-9474-1A3956D46DE8}") = "Solution Items", "Solution Items", "{D8AB0E20-5D5D-40B6-8E4D-D8349064FF54}"
	ProjectSection(SolutionItems) = preProject
		..\NLog.Web.AspNetCore.Targets.Gelf.ruleset = ..\NLog.Web.AspNetCore.Targets.Gelf.ruleset
		..\NLog.Web.AspNetCore.Targets.Gelf.Tests.ruleset = ..\NLog.Web.AspNetCore.Targets.Gelf.Tests.ruleset
	EndProjectSection
EndProject
Global
	GlobalSection(SolutionConfigurationPlatforms) = preSolution
		Debug|Any CPU = Debug|Any CPU
		Release|Any CPU = Release|Any CPU
	EndGlobalSection
	GlobalSection(ProjectConfigurationPlatforms) = postSolution
		{20B2681B-73E0-48F7-BB5A-22B558BD4066}.Debug|Any CPU.ActiveCfg = Debug|Any CPU
		{20B2681B-73E0-48F7-BB5A-22B558BD4066}.Debug|Any CPU.Build.0 = Debug|Any CPU
		{20B2681B-73E0-48F7-BB5A-22B558BD4066}.Release|Any CPU.ActiveCfg = Release|Any CPU
		{20B2681B-73E0-48F7-BB5A-22B558BD4066}.Release|Any CPU.Build.0 = Release|Any CPU
		{8AF5FCE7-D596-45D0-9BF5-B1B796BBA5CB}.Debug|Any CPU.ActiveCfg = Debug|Any CPU
		{8AF5FCE7-D596-45D0-9BF5-B1B796BBA5CB}.Debug|Any CPU.Build.0 = Debug|Any CPU
		{8AF5FCE7-D596-45D0-9BF5-B1B796BBA5CB}.Release|Any CPU.ActiveCfg = Release|Any CPU
		{8AF5FCE7-D596-45D0-9BF5-B1B796BBA5CB}.Release|Any CPU.Build.0 = Release|Any CPU
		{22DD867E-7839-4A5B-AF0F-E0C29018A47E}.Debug|Any CPU.ActiveCfg = Debug|Any CPU
		{22DD867E-7839-4A5B-AF0F-E0C29018A47E}.Debug|Any CPU.Build.0 = Debug|Any CPU
		{22DD867E-7839-4A5B-AF0F-E0C29018A47E}.Release|Any CPU.ActiveCfg = Release|Any CPU
		{22DD867E-7839-4A5B-AF0F-E0C29018A47E}.Release|Any CPU.Build.0 = Release|Any CPU
	EndGlobalSection
	GlobalSection(SolutionProperties) = preSolution
		HideSolutionNode = FALSE
	EndGlobalSection
	GlobalSection(NestedProjects) = preSolution
		{8AF5FCE7-D596-45D0-9BF5-B1B796BBA5CB} = {7E7B45A5-6605-416C-B1DD-A9DB9707C5F0}
		{22DD867E-7839-4A5B-AF0F-E0C29018A47E} = {7E7B45A5-6605-416C-B1DD-A9DB9707C5F0}
	EndGlobalSection
	GlobalSection(ExtensibilityGlobals) = postSolution
		SolutionGuid = {46404DC9-F226-4E3F-BFF2-7424E886BC95}
	EndGlobalSection
EndGlobal
